<Solution>
  <Folder Name="/src/">
    <Project Path="src/Assistant.Application/Assistant.Application.csproj" />
    <Project Path="src/Assistant.Domain/Assistant.Domain.csproj" />
    <Project Path="src/Assistant.Host/Assistant.Host.csproj" />
    <Project Path="src/Assistant.Infrastructure/Assistant.Infrastructure.csproj" />
  </Folder>
  <Folder Name="/tests/">
    <Project Path="tests/Assistant.IntegrationTests/Assistant.IntegrationTests.csproj" />
    <Project Path="tests/Assistant.UnitTests/Assistant.UnitTests.csproj" />
  </Folder>
</Solution>
